
Microsoft Visual Studio Solution File, Format Version 12.00
# Visual Studio 15
VisualStudioVersion = 15.0.28307.271
MinimumVisualStudioVersion = 10.0.40219.1
Project("{9A19103F-16F7-4668-BE54-9A1E7A4F7556}") = "Cats", "Cats\Cats.csproj", "{10D574BA-7A55-4889-8C3E-96915462CE82}"
EndProject
Project("{9A19103F-16F7-4668-BE54-9A1E7A4F7556}") = "Library", "Library\Library.csproj", "{9649289C-E2C7-4ECD-8ED2-8D132893DCE3}"
EndProject
Project("{9A19103F-16F7-4668-BE54-9A1E7A4F7556}") = "Models", "Models\Models.csproj", "{D8FA1FE0-6C0D-4C5A-BC19-863607EE327F}"
EndProject
Project("{9A19103F-16F7-4668-BE54-9A1E7A4F7556}") = "UnitTests", "UnitTests\UnitTests.csproj", "{AE46B291-ADAA-4C3A-8A2A-9C07BD4C1D31}"
EndProject
Project("{FAE04EC0-301F-11D3-BF4B-00C04F79EFBC}") = "FunctionalTests", "FunctionalTests\FunctionalTests.csproj", "{9DFE94D5-EE10-4F68-8135-028E6EA9A036}"
EndProject
Global
	GlobalSection(SolutionConfigurationPlatforms) = preSolution
		Debug|Any CPU = Debug|Any CPU
		Release|Any CPU = Release|Any CPU
	EndGlobalSection
	GlobalSection(ProjectConfigurationPlatforms) = postSolution
		{10D574BA-7A55-4889-8C3E-96915462CE82}.Debug|Any CPU.ActiveCfg = Debug|Any CPU
		{10D574BA-7A55-4889-8C3E-96915462CE82}.Debug|Any CPU.Build.0 = Debug|Any CPU
		{10D574BA-7A55-4889-8C3E-96915462CE82}.Release|Any CPU.ActiveCfg = Release|Any CPU
		{10D574BA-7A55-4889-8C3E-96915462CE82}.Release|Any CPU.Build.0 = Release|Any CPU
		{9649289C-E2C7-4ECD-8ED2-8D132893DCE3}.Debug|Any CPU.ActiveCfg = Debug|Any CPU
		{9649289C-E2C7-4ECD-8ED2-8D132893DCE3}.Debug|Any CPU.Build.0 = Debug|Any CPU
		{9649289C-E2C7-4ECD-8ED2-8D132893DCE3}.Release|Any CPU.ActiveCfg = Release|Any CPU
		{9649289C-E2C7-4ECD-8ED2-8D132893DCE3}.Release|Any CPU.Build.0 = Release|Any CPU
		{D8FA1FE0-6C0D-4C5A-BC19-863607EE327F}.Debug|Any CPU.ActiveCfg = Debug|Any CPU
		{D8FA1FE0-6C0D-4C5A-BC19-863607EE327F}.Debug|Any CPU.Build.0 = Debug|Any CPU
		{D8FA1FE0-6C0D-4C5A-BC19-863607EE327F}.Release|Any CPU.ActiveCfg = Release|Any CPU
		{D8FA1FE0-6C0D-4C5A-BC19-863607EE327F}.Release|Any CPU.Build.0 = Release|Any CPU
		{AE46B291-ADAA-4C3A-8A2A-9C07BD4C1D31}.Debug|Any CPU.ActiveCfg = Debug|Any CPU
		{AE46B291-ADAA-4C3A-8A2A-9C07BD4C1D31}.Debug|Any CPU.Build.0 = Debug|Any CPU
		{AE46B291-ADAA-4C3A-8A2A-9C07BD4C1D31}.Release|Any CPU.ActiveCfg = Release|Any CPU
		{AE46B291-ADAA-4C3A-8A2A-9C07BD4C1D31}.Release|Any CPU.Build.0 = Release|Any CPU
		{9DFE94D5-EE10-4F68-8135-028E6EA9A036}.Debug|Any CPU.ActiveCfg = Debug|Any CPU
		{9DFE94D5-EE10-4F68-8135-028E6EA9A036}.Debug|Any CPU.Build.0 = Debug|Any CPU
		{9DFE94D5-EE10-4F68-8135-028E6EA9A036}.Release|Any CPU.ActiveCfg = Release|Any CPU
		{9DFE94D5-EE10-4F68-8135-028E6EA9A036}.Release|Any CPU.Build.0 = Release|Any CPU
	EndGlobalSection
	GlobalSection(SolutionProperties) = preSolution
		HideSolutionNode = FALSE
	EndGlobalSection
	GlobalSection(ExtensibilityGlobals) = postSolution
		SolutionGuid = {0821B5FE-BB2E-4E6B-A254-C84AC5D9A664}
	EndGlobalSection
EndGlobal
